
Microsoft Visual Studio Solution File, Format Version 12.00
# Visual Studio Version 16
VisualStudioVersion = 16.0.32126.315
MinimumVisualStudioVersion = 10.0.40219.1
Project("{FAE04EC0-301F-11D3-BF4B-00C04F79EFBC}") = "Sifreli_Veriler", "Sifrel\Sifreli_Veriler.csproj", "{D66D9930-62CF-49B0-8035-D24693DE8F9F}"
EndProject
Global
	GlobalSection(SolutionConfigurationPlatforms) = preSolution
		Debug|Any CPU = Debug|Any CPU
		Release|Any CPU = Release|Any CPU
	EndGlobalSection
	GlobalSection(ProjectConfigurationPlatforms) = postSolution
		{D66D9930-62CF-49B0-8035-D24693DE8F9F}.Debug|Any CPU.ActiveCfg = Debug|Any CPU
		{D66D9930-62CF-49B0-8035-D24693DE8F9F}.Debug|Any CPU.Build.0 = Debug|Any CPU
		{D66D9930-62CF-49B0-8035-D24693DE8F9F}.Release|Any CPU.ActiveCfg = Release|Any CPU
		{D66D9930-62CF-49B0-8035-D24693DE8F9F}.Release|Any CPU.Build.0 = Release|Any CPU
	EndGlobalSection
	GlobalSection(SolutionProperties) = preSolution
		HideSolutionNode = FALSE
	EndGlobalSection
	GlobalSection(ExtensibilityGlobals) = postSolution
		SolutionGuid = {374A656A-017F-438D-9D5E-30240319D296}
	EndGlobalSection
EndGlobal
